{
    "_meta": {
        "hash": {
            "sha256": "d451a08f3e8a6d0a6c5ca908b9c3fbb770802952023a48f5f33fb9a46389521f"
        },
        "pipfile-spec": 6,
        "requires": {},
        "sources": [
            {
                "name": "pypi",
                "url": "https://pypi.python.org/simple",
                "verify_ssl": true
            }
        ]
    },
    "default": {        
        "swagger-ui-bundle": {
            "git": "https://github.com/KarrLab/datanator_swagger_ui_bundle.git"
        }
    }
}
